
Microsoft Visual Studio Solution File, Format Version 12.00
# Visual Studio Version 16
VisualStudioVersion = 16.0.32002.261
MinimumVisualStudioVersion = 10.0.40219.1
Project("{FAE04EC0-301F-11D3-BF4B-00C04F79EFBC}") = "Employee5", "Customer5\Employee5.csproj", "{24B45F75-C018-4AFA-8650-67A823C03E1B}"
EndProject
Global
	GlobalSection(SolutionConfigurationPlatforms) = preSolution
		Debug|Any CPU = Debug|Any CPU
		Release|Any CPU = Release|Any CPU
	EndGlobalSection
	GlobalSection(ProjectConfigurationPlatforms) = postSolution
		{24B45F75-C018-4AFA-8650-67A823C03E1B}.Debug|Any CPU.ActiveCfg = Debug|Any CPU
		{24B45F75-C018-4AFA-8650-67A823C03E1B}.Debug|Any CPU.Build.0 = Debug|Any CPU
		{24B45F75-C018-4AFA-8650-67A823C03E1B}.Release|Any CPU.ActiveCfg = Release|Any CPU
		{24B45F75-C018-4AFA-8650-67A823C03E1B}.Release|Any CPU.Build.0 = Release|Any CPU
	EndGlobalSection
	GlobalSection(SolutionProperties) = preSolution
		HideSolutionNode = FALSE
	EndGlobalSection
	GlobalSection(ExtensibilityGlobals) = postSolution
		SolutionGuid = {A41229DB-08F5-4F2A-9CF2-D30E15EF686A}
	EndGlobalSection
EndGlobal
